// !$*UTF8*$!
{
	archiveVersion = 1;
	classes = {
	};
	objectVersion = 51;
	objects = {

/* Begin PBXBuildFile section */
		10DA0AB1538EBFF63CC5B962 /* Pods_WheatherAppIOSTests.framework in Frameworks */ = {isa = PBXBuildFile; fileRef = 0A298663FAEB795D3D954CB2 /* Pods_WheatherAppIOSTests.framework */; };
		95589630F1443A23997FC638 /* Pods_WheatherAppIOS_WheatherAppIOSUITests.framework in Frameworks */ = {isa = PBXBuildFile; fileRef = B0F3F621229DD2E861845425 /* Pods_WheatherAppIOS_WheatherAppIOSUITests.framework */; };
		9FD442FF55912AA8FCF9D653 /* Pods_WheatherAppIOS.framework in Frameworks */ = {isa = PBXBuildFile; fileRef = C1C4401D199E4D015B0732AB /* Pods_WheatherAppIOS.framework */; };
		FF41753A270CA48A006FBA27 /* AppDelegate.swift in Sources */ = {isa = PBXBuildFile; fileRef = FF417539270CA48A006FBA27 /* AppDelegate.swift */; };
		FF41753C270CA48A006FBA27 /* SceneDelegate.swift in Sources */ = {isa = PBXBuildFile; fileRef = FF41753B270CA48A006FBA27 /* SceneDelegate.swift */; };
		FF417541270CA48A006FBA27 /* Main.storyboard in Resources */ = {isa = PBXBuildFile; fileRef = FF41753F270CA48A006FBA27 /* Main.storyboard */; };
		FF417544270CA48A006FBA27 /* WheatherAppIOS.xcdatamodeld in Sources */ = {isa = PBXBuildFile; fileRef = FF417542270CA48A006FBA27 /* WheatherAppIOS.xcdatamodeld */; };
		FF417546270CA48E006FBA27 /* Assets.xcassets in Resources */ = {isa = PBXBuildFile; fileRef = FF417545270CA48E006FBA27 /* Assets.xcassets */; };
		FF417549270CA48E006FBA27 /* LaunchScreen.storyboard in Resources */ = {isa = PBXBuildFile; fileRef = FF417547270CA48E006FBA27 /* LaunchScreen.storyboard */; };
		FF417554270CA48F006FBA27 /* WheatherAppIOSTests.swift in Sources */ = {isa = PBXBuildFile; fileRef = FF417553270CA48F006FBA27 /* WheatherAppIOSTests.swift */; };
		FF41755F270CA48F006FBA27 /* WheatherAppIOSUITests.swift in Sources */ = {isa = PBXBuildFile; fileRef = FF41755E270CA48F006FBA27 /* WheatherAppIOSUITests.swift */; };
		FF6A744E270DDF9A0073C25C /* Constants.swift in Sources */ = {isa = PBXBuildFile; fileRef = FF6A744D270DDF9A0073C25C /* Constants.swift */; };
		FF6A7451270DE03B0073C25C /* BaseViewModel.swift in Sources */ = {isa = PBXBuildFile; fileRef = FF6A7450270DE03B0073C25C /* BaseViewModel.swift */; };
		FF6A7457270DE0840073C25C /* ApiClient.swift in Sources */ = {isa = PBXBuildFile; fileRef = FF6A7456270DE0840073C25C /* ApiClient.swift */; };
		FF6A7459270DE0900073C25C /* DataBase.swift in Sources */ = {isa = PBXBuildFile; fileRef = FF6A7458270DE0900073C25C /* DataBase.swift */; };
		FF6A745B270DE0A60073C25C /* ApiRepository.swift in Sources */ = {isa = PBXBuildFile; fileRef = FF6A745A270DE0A60073C25C /* ApiRepository.swift */; };
		FF6A745D270DE0B40073C25C /* DataBaseRepository.swift in Sources */ = {isa = PBXBuildFile; fileRef = FF6A745C270DE0B40073C25C /* DataBaseRepository.swift */; };
		FF6A7460270DE1810073C25C /* SplashController.swift in Sources */ = {isa = PBXBuildFile; fileRef = FF6A745F270DE1810073C25C /* SplashController.swift */; };
		FF6A7463270DE1B10073C25C /* SplashViewModel.swift in Sources */ = {isa = PBXBuildFile; fileRef = FF6A7462270DE1B10073C25C /* SplashViewModel.swift */; };
		FF6A7466270DE21B0073C25C /* SearchResponseModel.swift in Sources */ = {isa = PBXBuildFile; fileRef = FF6A7465270DE21B0073C25C /* SearchResponseModel.swift */; };
		FF6A7468270DE2D90073C25C /* CountryResponseModel.swift in Sources */ = {isa = PBXBuildFile; fileRef = FF6A7467270DE2D90073C25C /* CountryResponseModel.swift */; };
		FF6A746A270DE3520073C25C /* AdministrativeAreaResponseModel.swift in Sources */ = {isa = PBXBuildFile; fileRef = FF6A7469270DE3520073C25C /* AdministrativeAreaResponseModel.swift */; };
		FF6A746C270DEFBA0073C25C /* SearchDataBaseModel.swift in Sources */ = {isa = PBXBuildFile; fileRef = FF6A746B270DEFBA0073C25C /* SearchDataBaseModel.swift */; };
		FF6A746F270DF0060073C25C /* CountryDataBaseModel.swift in Sources */ = {isa = PBXBuildFile; fileRef = FF6A746E270DF0060073C25C /* CountryDataBaseModel.swift */; };
		FF6A7471270DF02E0073C25C /* AdministrativeAreaDataBaseModel.swift in Sources */ = {isa = PBXBuildFile; fileRef = FF6A7470270DF02E0073C25C /* AdministrativeAreaDataBaseModel.swift */; };
/* End PBXBuildFile section */

/* Begin PBXContainerItemProxy section */
		FF417550270CA48F006FBA27 /* PBXContainerItemProxy */ = {
			isa = PBXContainerItemProxy;
			containerPortal = FF41752E270CA48A006FBA27 /* Project object */;
			proxyType = 1;
			remoteGlobalIDString = FF417535270CA48A006FBA27;
			remoteInfo = WheatherAppIOS;
		};
		FF41755B270CA48F006FBA27 /* PBXContainerItemProxy */ = {
			isa = PBXContainerItemProxy;
			containerPortal = FF41752E270CA48A006FBA27 /* Project object */;
			proxyType = 1;
			remoteGlobalIDString = FF417535270CA48A006FBA27;
			remoteInfo = WheatherAppIOS;
		};
/* End PBXContainerItemProxy section */

/* Begin PBXFileReference section */
		0A298663FAEB795D3D954CB2 /* Pods_WheatherAppIOSTests.framework */ = {isa = PBXFileReference; explicitFileType = wrapper.framework; includeInIndex = 0; path = Pods_WheatherAppIOSTests.framework; sourceTree = BUILT_PRODUCTS_DIR; };
		5991CED2BC9FCCB1B2C64774 /* Pods-WheatherAppIOS-WheatherAppIOSUITests.release.xcconfig */ = {isa = PBXFileReference; includeInIndex = 1; lastKnownFileType = text.xcconfig; name = "Pods-WheatherAppIOS-WheatherAppIOSUITests.release.xcconfig"; path = "Target Support Files/Pods-WheatherAppIOS-WheatherAppIOSUITests/Pods-WheatherAppIOS-WheatherAppIOSUITests.release.xcconfig"; sourceTree = "<group>"; };
		5A558C128C67C68F6BF5F513 /* Pods-WheatherAppIOS.release.xcconfig */ = {isa = PBXFileReference; includeInIndex = 1; lastKnownFileType = text.xcconfig; name = "Pods-WheatherAppIOS.release.xcconfig"; path = "Target Support Files/Pods-WheatherAppIOS/Pods-WheatherAppIOS.release.xcconfig"; sourceTree = "<group>"; };
		6804B58208C7932EF64AB76E /* Pods-WheatherAppIOSTests.debug.xcconfig */ = {isa = PBXFileReference; includeInIndex = 1; lastKnownFileType = text.xcconfig; name = "Pods-WheatherAppIOSTests.debug.xcconfig"; path = "Target Support Files/Pods-WheatherAppIOSTests/Pods-WheatherAppIOSTests.debug.xcconfig"; sourceTree = "<group>"; };
		760D196908E698438A2CC773 /* Pods-WheatherAppIOS-WheatherAppIOSUITests.debug.xcconfig */ = {isa = PBXFileReference; includeInIndex = 1; lastKnownFileType = text.xcconfig; name = "Pods-WheatherAppIOS-WheatherAppIOSUITests.debug.xcconfig"; path = "Target Support Files/Pods-WheatherAppIOS-WheatherAppIOSUITests/Pods-WheatherAppIOS-WheatherAppIOSUITests.debug.xcconfig"; sourceTree = "<group>"; };
		83E428DD656CC25E3AE66755 /* Pods-WheatherAppIOSTests.release.xcconfig */ = {isa = PBXFileReference; includeInIndex = 1; lastKnownFileType = text.xcconfig; name = "Pods-WheatherAppIOSTests.release.xcconfig"; path = "Target Support Files/Pods-WheatherAppIOSTests/Pods-WheatherAppIOSTests.release.xcconfig"; sourceTree = "<group>"; };
		96F5986AA3B61CF627AF8E61 /* Pods-WheatherAppIOS.debug.xcconfig */ = {isa = PBXFileReference; includeInIndex = 1; lastKnownFileType = text.xcconfig; name = "Pods-WheatherAppIOS.debug.xcconfig"; path = "Target Support Files/Pods-WheatherAppIOS/Pods-WheatherAppIOS.debug.xcconfig"; sourceTree = "<group>"; };
		B0F3F621229DD2E861845425 /* Pods_WheatherAppIOS_WheatherAppIOSUITests.framework */ = {isa = PBXFileReference; explicitFileType = wrapper.framework; includeInIndex = 0; path = Pods_WheatherAppIOS_WheatherAppIOSUITests.framework; sourceTree = BUILT_PRODUCTS_DIR; };
		C1C4401D199E4D015B0732AB /* Pods_WheatherAppIOS.framework */ = {isa = PBXFileReference; explicitFileType = wrapper.framework; includeInIndex = 0; path = Pods_WheatherAppIOS.framework; sourceTree = BUILT_PRODUCTS_DIR; };
		FF417536270CA48A006FBA27 /* WheatherAppIOS.app */ = {isa = PBXFileReference; explicitFileType = wrapper.application; includeInIndex = 0; path = WheatherAppIOS.app; sourceTree = BUILT_PRODUCTS_DIR; };
		FF417539270CA48A006FBA27 /* AppDelegate.swift */ = {isa = PBXFileReference; lastKnownFileType = sourcecode.swift; path = AppDelegate.swift; sourceTree = "<group>"; };
		FF41753B270CA48A006FBA27 /* SceneDelegate.swift */ = {isa = PBXFileReference; lastKnownFileType = sourcecode.swift; path = SceneDelegate.swift; sourceTree = "<group>"; };
		FF417540270CA48A006FBA27 /* Base */ = {isa = PBXFileReference; lastKnownFileType = file.storyboard; name = Base; path = Base.lproj/Main.storyboard; sourceTree = "<group>"; };
		FF417543270CA48A006FBA27 /* WheatherAppIOS.xcdatamodel */ = {isa = PBXFileReference; lastKnownFileType = wrapper.xcdatamodel; path = WheatherAppIOS.xcdatamodel; sourceTree = "<group>"; };
		FF417545270CA48E006FBA27 /* Assets.xcassets */ = {isa = PBXFileReference; lastKnownFileType = folder.assetcatalog; path = Assets.xcassets; sourceTree = "<group>"; };
		FF417548270CA48E006FBA27 /* Base */ = {isa = PBXFileReference; lastKnownFileType = file.storyboard; name = Base; path = Base.lproj/LaunchScreen.storyboard; sourceTree = "<group>"; };
		FF41754A270CA48E006FBA27 /* Info.plist */ = {isa = PBXFileReference; lastKnownFileType = text.plist.xml; path = Info.plist; sourceTree = "<group>"; };
		FF41754F270CA48F006FBA27 /* WheatherAppIOSTests.xctest */ = {isa = PBXFileReference; explicitFileType = wrapper.cfbundle; includeInIndex = 0; path = WheatherAppIOSTests.xctest; sourceTree = BUILT_PRODUCTS_DIR; };
		FF417553270CA48F006FBA27 /* WheatherAppIOSTests.swift */ = {isa = PBXFileReference; lastKnownFileType = sourcecode.swift; path = WheatherAppIOSTests.swift; sourceTree = "<group>"; };
		FF417555270CA48F006FBA27 /* Info.plist */ = {isa = PBXFileReference; lastKnownFileType = text.plist.xml; path = Info.plist; sourceTree = "<group>"; };
		FF41755A270CA48F006FBA27 /* WheatherAppIOSUITests.xctest */ = {isa = PBXFileReference; explicitFileType = wrapper.cfbundle; includeInIndex = 0; path = WheatherAppIOSUITests.xctest; sourceTree = BUILT_PRODUCTS_DIR; };
		FF41755E270CA48F006FBA27 /* WheatherAppIOSUITests.swift */ = {isa = PBXFileReference; lastKnownFileType = sourcecode.swift; path = WheatherAppIOSUITests.swift; sourceTree = "<group>"; };
		FF417560270CA48F006FBA27 /* Info.plist */ = {isa = PBXFileReference; lastKnownFileType = text.plist.xml; path = Info.plist; sourceTree = "<group>"; };
		FF6A744D270DDF9A0073C25C /* Constants.swift */ = {isa = PBXFileReference; lastKnownFileType = sourcecode.swift; path = Constants.swift; sourceTree = "<group>"; };
		FF6A7450270DE03B0073C25C /* BaseViewModel.swift */ = {isa = PBXFileReference; lastKnownFileType = sourcecode.swift; path = BaseViewModel.swift; sourceTree = "<group>"; };
		FF6A7456270DE0840073C25C /* ApiClient.swift */ = {isa = PBXFileReference; lastKnownFileType = sourcecode.swift; path = ApiClient.swift; sourceTree = "<group>"; };
		FF6A7458270DE0900073C25C /* DataBase.swift */ = {isa = PBXFileReference; lastKnownFileType = sourcecode.swift; path = DataBase.swift; sourceTree = "<group>"; };
		FF6A745A270DE0A60073C25C /* ApiRepository.swift */ = {isa = PBXFileReference; lastKnownFileType = sourcecode.swift; path = ApiRepository.swift; sourceTree = "<group>"; };
		FF6A745C270DE0B40073C25C /* DataBaseRepository.swift */ = {isa = PBXFileReference; lastKnownFileType = sourcecode.swift; path = DataBaseRepository.swift; sourceTree = "<group>"; };
		FF6A745F270DE1810073C25C /* SplashController.swift */ = {isa = PBXFileReference; lastKnownFileType = sourcecode.swift; path = SplashController.swift; sourceTree = "<group>"; };
		FF6A7462270DE1B10073C25C /* SplashViewModel.swift */ = {isa = PBXFileReference; lastKnownFileType = sourcecode.swift; path = SplashViewModel.swift; sourceTree = "<group>"; };
		FF6A7465270DE21B0073C25C /* SearchResponseModel.swift */ = {isa = PBXFileReference; lastKnownFileType = sourcecode.swift; path = SearchResponseModel.swift; sourceTree = "<group>"; };
		FF6A7467270DE2D90073C25C /* CountryResponseModel.swift */ = {isa = PBXFileReference; lastKnownFileType = sourcecode.swift; path = CountryResponseModel.swift; sourceTree = "<group>"; };
		FF6A7469270DE3520073C25C /* AdministrativeAreaResponseModel.swift */ = {isa = PBXFileReference; lastKnownFileType = sourcecode.swift; path = AdministrativeAreaResponseModel.swift; sourceTree = "<group>"; };
		FF6A746B270DEFBA0073C25C /* SearchDataBaseModel.swift */ = {isa = PBXFileReference; lastKnownFileType = sourcecode.swift; path = SearchDataBaseModel.swift; sourceTree = "<group>"; };
		FF6A746E270DF0060073C25C /* CountryDataBaseModel.swift */ = {isa = PBXFileReference; lastKnownFileType = sourcecode.swift; path = CountryDataBaseModel.swift; sourceTree = "<group>"; };
		FF6A7470270DF02E0073C25C /* AdministrativeAreaDataBaseModel.swift */ = {isa = PBXFileReference; lastKnownFileType = sourcecode.swift; path = AdministrativeAreaDataBaseModel.swift; sourceTree = "<group>"; };
/* End PBXFileReference section */

/* Begin PBXFrameworksBuildPhase section */
		FF417533270CA48A006FBA27 /* Frameworks */ = {
			isa = PBXFrameworksBuildPhase;
			buildActionMask = 2147483647;
			files = (
				9FD442FF55912AA8FCF9D653 /* Pods_WheatherAppIOS.framework in Frameworks */,
			);
			runOnlyForDeploymentPostprocessing = 0;
		};
		FF41754C270CA48F006FBA27 /* Frameworks */ = {
			isa = PBXFrameworksBuildPhase;
			buildActionMask = 2147483647;
			files = (
				10DA0AB1538EBFF63CC5B962 /* Pods_WheatherAppIOSTests.framework in Frameworks */,
			);
			runOnlyForDeploymentPostprocessing = 0;
		};
		FF417557270CA48F006FBA27 /* Frameworks */ = {
			isa = PBXFrameworksBuildPhase;
			buildActionMask = 2147483647;
			files = (
				95589630F1443A23997FC638 /* Pods_WheatherAppIOS_WheatherAppIOSUITests.framework in Frameworks */,
			);
			runOnlyForDeploymentPostprocessing = 0;
		};
/* End PBXFrameworksBuildPhase section */

/* Begin PBXGroup section */
		9C3D97B7056A4E7E80BE46F3 /* Pods */ = {
			isa = PBXGroup;
			children = (
				96F5986AA3B61CF627AF8E61 /* Pods-WheatherAppIOS.debug.xcconfig */,
				5A558C128C67C68F6BF5F513 /* Pods-WheatherAppIOS.release.xcconfig */,
				760D196908E698438A2CC773 /* Pods-WheatherAppIOS-WheatherAppIOSUITests.debug.xcconfig */,
				5991CED2BC9FCCB1B2C64774 /* Pods-WheatherAppIOS-WheatherAppIOSUITests.release.xcconfig */,
				6804B58208C7932EF64AB76E /* Pods-WheatherAppIOSTests.debug.xcconfig */,
				83E428DD656CC25E3AE66755 /* Pods-WheatherAppIOSTests.release.xcconfig */,
			);
			path = Pods;
			sourceTree = "<group>";
		};
		C1380DF6C26686AB7F8D2265 /* Frameworks */ = {
			isa = PBXGroup;
			children = (
				C1C4401D199E4D015B0732AB /* Pods_WheatherAppIOS.framework */,
				B0F3F621229DD2E861845425 /* Pods_WheatherAppIOS_WheatherAppIOSUITests.framework */,
				0A298663FAEB795D3D954CB2 /* Pods_WheatherAppIOSTests.framework */,
			);
			name = Frameworks;
			sourceTree = "<group>";
		};
		FF41752D270CA48A006FBA27 = {
			isa = PBXGroup;
			children = (
				FF417538270CA48A006FBA27 /* WheatherAppIOS */,
				FF417552270CA48F006FBA27 /* WheatherAppIOSTests */,
				FF41755D270CA48F006FBA27 /* WheatherAppIOSUITests */,
				FF417537270CA48A006FBA27 /* Products */,
				9C3D97B7056A4E7E80BE46F3 /* Pods */,
				C1380DF6C26686AB7F8D2265 /* Frameworks */,
			);
			sourceTree = "<group>";
		};
		FF417537270CA48A006FBA27 /* Products */ = {
			isa = PBXGroup;
			children = (
				FF417536270CA48A006FBA27 /* WheatherAppIOS.app */,
				FF41754F270CA48F006FBA27 /* WheatherAppIOSTests.xctest */,
				FF41755A270CA48F006FBA27 /* WheatherAppIOSUITests.xctest */,
			);
			name = Products;
			sourceTree = "<group>";
		};
		FF417538270CA48A006FBA27 /* WheatherAppIOS */ = {
			isa = PBXGroup;
			children = (
				FF6A7454270DE0700073C25C /* DataBase */,
				FF6A7453270DE0640073C25C /* Api */,
				FF6A7452270DE0590073C25C /* Repository */,
				FF6A744F270DE02B0073C25C /* Base */,
				FF6A744C270DDDBF0073C25C /* Utils */,
				FF6A745E270DE16E0073C25C /* UI */,
				FF417539270CA48A006FBA27 /* AppDelegate.swift */,
				FF41753B270CA48A006FBA27 /* SceneDelegate.swift */,
				FF41753F270CA48A006FBA27 /* Main.storyboard */,
				FF417545270CA48E006FBA27 /* Assets.xcassets */,
				FF417547270CA48E006FBA27 /* LaunchScreen.storyboard */,
				FF41754A270CA48E006FBA27 /* Info.plist */,
				FF417542270CA48A006FBA27 /* WheatherAppIOS.xcdatamodeld */,
			);
			path = WheatherAppIOS;
			sourceTree = "<group>";
		};
		FF417552270CA48F006FBA27 /* WheatherAppIOSTests */ = {
			isa = PBXGroup;
			children = (
				FF417553270CA48F006FBA27 /* WheatherAppIOSTests.swift */,
				FF417555270CA48F006FBA27 /* Info.plist */,
			);
			path = WheatherAppIOSTests;
			sourceTree = "<group>";
		};
		FF41755D270CA48F006FBA27 /* WheatherAppIOSUITests */ = {
			isa = PBXGroup;
			children = (
				FF41755E270CA48F006FBA27 /* WheatherAppIOSUITests.swift */,
				FF417560270CA48F006FBA27 /* Info.plist */,
			);
			path = WheatherAppIOSUITests;
			sourceTree = "<group>";
		};
		FF6A744C270DDDBF0073C25C /* Utils */ = {
			isa = PBXGroup;
			children = (
				FF6A744D270DDF9A0073C25C /* Constants.swift */,
			);
			path = Utils;
			sourceTree = "<group>";
		};
		FF6A744F270DE02B0073C25C /* Base */ = {
			isa = PBXGroup;
			children = (
				FF6A7450270DE03B0073C25C /* BaseViewModel.swift */,
			);
			path = Base;
			sourceTree = "<group>";
		};
		FF6A7452270DE0590073C25C /* Repository */ = {
			isa = PBXGroup;
			children = (
				FF6A745A270DE0A60073C25C /* ApiRepository.swift */,
				FF6A745C270DE0B40073C25C /* DataBaseRepository.swift */,
			);
			path = Repository;
			sourceTree = "<group>";
		};
		FF6A7453270DE0640073C25C /* Api */ = {
			isa = PBXGroup;
			children = (
				FF6A7464270DE1EF0073C25C /* Model */,
				FF6A7456270DE0840073C25C /* ApiClient.swift */,
			);
			path = Api;
			sourceTree = "<group>";
		};
		FF6A7454270DE0700073C25C /* DataBase */ = {
			isa = PBXGroup;
			children = (
				FF6A746D270DEFC60073C25C /* Model */,
				FF6A7458270DE0900073C25C /* DataBase.swift */,
			);
			path = DataBase;
			sourceTree = "<group>";
		};
		FF6A745E270DE16E0073C25C /* UI */ = {
			isa = PBXGroup;
			children = (
				FF6A7461270DE19E0073C25C /* Splash */,
			);
			path = UI;
			sourceTree = "<group>";
		};
		FF6A7461270DE19E0073C25C /* Splash */ = {
			isa = PBXGroup;
			children = (
				FF6A745F270DE1810073C25C /* SplashController.swift */,
				FF6A7462270DE1B10073C25C /* SplashViewModel.swift */,
			);
			path = Splash;
			sourceTree = "<group>";
		};
		FF6A7464270DE1EF0073C25C /* Model */ = {
			isa = PBXGroup;
			children = (
				FF6A7465270DE21B0073C25C /* SearchResponseModel.swift */,
				FF6A7467270DE2D90073C25C /* CountryResponseModel.swift */,
				FF6A7469270DE3520073C25C /* AdministrativeAreaResponseModel.swift */,
			);
			path = Model;
			sourceTree = "<group>";
		};
		FF6A746D270DEFC60073C25C /* Model */ = {
			isa = PBXGroup;
			children = (
				FF6A746B270DEFBA0073C25C /* SearchDataBaseModel.swift */,
				FF6A746E270DF0060073C25C /* CountryDataBaseModel.swift */,
				FF6A7470270DF02E0073C25C /* AdministrativeAreaDataBaseModel.swift */,
			);
			path = Model;
			sourceTree = "<group>";
		};
/* End PBXGroup section */

/* Begin PBXNativeTarget section */
		FF417535270CA48A006FBA27 /* WheatherAppIOS */ = {
			isa = PBXNativeTarget;
			buildConfigurationList = FF417563270CA48F006FBA27 /* Build configuration list for PBXNativeTarget "WheatherAppIOS" */;
			buildPhases = (
				8FD414229361E9D668161E7E /* [CP] Check Pods Manifest.lock */,
				FF417532270CA48A006FBA27 /* Sources */,
				FF417533270CA48A006FBA27 /* Frameworks */,
				FF417534270CA48A006FBA27 /* Resources */,
				BEBE83E9D1EAAF612EAB302D /* [CP] Embed Pods Frameworks */,
			);
			buildRules = (
			);
			dependencies = (
			);
			name = WheatherAppIOS;
			productName = WheatherAppIOS;
			productReference = FF417536270CA48A006FBA27 /* WheatherAppIOS.app */;
			productType = "com.apple.product-type.application";
		};
		FF41754E270CA48F006FBA27 /* WheatherAppIOSTests */ = {
			isa = PBXNativeTarget;
			buildConfigurationList = FF417566270CA48F006FBA27 /* Build configuration list for PBXNativeTarget "WheatherAppIOSTests" */;
			buildPhases = (
				1138387E06D10DFDFB2224B7 /* [CP] Check Pods Manifest.lock */,
				FF41754B270CA48F006FBA27 /* Sources */,
				FF41754C270CA48F006FBA27 /* Frameworks */,
				FF41754D270CA48F006FBA27 /* Resources */,
			);
			buildRules = (
			);
			dependencies = (
				FF417551270CA48F006FBA27 /* PBXTargetDependency */,
			);
			name = WheatherAppIOSTests;
			productName = WheatherAppIOSTests;
			productReference = FF41754F270CA48F006FBA27 /* WheatherAppIOSTests.xctest */;
			productType = "com.apple.product-type.bundle.unit-test";
		};
		FF417559270CA48F006FBA27 /* WheatherAppIOSUITests */ = {
			isa = PBXNativeTarget;
			buildConfigurationList = FF417569270CA48F006FBA27 /* Build configuration list for PBXNativeTarget "WheatherAppIOSUITests" */;
			buildPhases = (
				56ABA4A3447B68DB75B356DF /* [CP] Check Pods Manifest.lock */,
				FF417556270CA48F006FBA27 /* Sources */,
				FF417557270CA48F006FBA27 /* Frameworks */,
				FF417558270CA48F006FBA27 /* Resources */,
				797C2779407DDF2F1BE97B04 /* [CP] Embed Pods Frameworks */,
			);
			buildRules = (
			);
			dependencies = (
				FF41755C270CA48F006FBA27 /* PBXTargetDependency */,
			);
			name = WheatherAppIOSUITests;
			productName = WheatherAppIOSUITests;
			productReference = FF41755A270CA48F006FBA27 /* WheatherAppIOSUITests.xctest */;
			productType = "com.apple.product-type.bundle.ui-testing";
		};
/* End PBXNativeTarget section */

/* Begin PBXProject section */
		FF41752E270CA48A006FBA27 /* Project object */ = {
			isa = PBXProject;
			attributes = {
				LastSwiftUpdateCheck = 1250;
				LastUpgradeCheck = 1250;
				TargetAttributes = {
					FF417535270CA48A006FBA27 = {
						CreatedOnToolsVersion = 12.5.1;
					};
					FF41754E270CA48F006FBA27 = {
						CreatedOnToolsVersion = 12.5.1;
						TestTargetID = FF417535270CA48A006FBA27;
					};
					FF417559270CA48F006FBA27 = {
						CreatedOnToolsVersion = 12.5.1;
						TestTargetID = FF417535270CA48A006FBA27;
					};
				};
			};
			buildConfigurationList = FF417531270CA48A006FBA27 /* Build configuration list for PBXProject "WheatherAppIOS" */;
			compatibilityVersion = "Xcode 9.3";
			developmentRegion = en;
			hasScannedForEncodings = 0;
			knownRegions = (
				en,
				Base,
			);
			mainGroup = FF41752D270CA48A006FBA27;
			productRefGroup = FF417537270CA48A006FBA27 /* Products */;
			projectDirPath = "";
			projectRoot = "";
			targets = (
				FF417535270CA48A006FBA27 /* WheatherAppIOS */,
				FF41754E270CA48F006FBA27 /* WheatherAppIOSTests */,
				FF417559270CA48F006FBA27 /* WheatherAppIOSUITests */,
			);
		};
/* End PBXProject section */

/* Begin PBXResourcesBuildPhase section */
		FF417534270CA48A006FBA27 /* Resources */ = {
			isa = PBXResourcesBuildPhase;
			buildActionMask = 2147483647;
			files = (
				FF417549270CA48E006FBA27 /* LaunchScreen.storyboard in Resources */,
				FF417546270CA48E006FBA27 /* Assets.xcassets in Resources */,
				FF417541270CA48A006FBA27 /* Main.storyboard in Resources */,
			);
			runOnlyForDeploymentPostprocessing = 0;
		};
		FF41754D270CA48F006FBA27 /* Resources */ = {
			isa = PBXResourcesBuildPhase;
			buildActionMask = 2147483647;
			files = (
			);
			runOnlyForDeploymentPostprocessing = 0;
		};
		FF417558270CA48F006FBA27 /* Resources */ = {
			isa = PBXResourcesBuildPhase;
			buildActionMask = 2147483647;
			files = (
			);
			runOnlyForDeploymentPostprocessing = 0;
		};
/* End PBXResourcesBuildPhase section */

/* Begin PBXShellScriptBuildPhase section */
		1138387E06D10DFDFB2224B7 /* [CP] Check Pods Manifest.lock */ = {
			isa = PBXShellScriptBuildPhase;
			buildActionMask = 2147483647;
			files = (
			);
			inputFileListPaths = (
			);
			inputPaths = (
				"${PODS_PODFILE_DIR_PATH}/Podfile.lock",
				"${PODS_ROOT}/Manifest.lock",
			);
			name = "[CP] Check Pods Manifest.lock";
			outputFileListPaths = (
			);
			outputPaths = (
				"$(DERIVED_FILE_DIR)/Pods-WheatherAppIOSTests-checkManifestLockResult.txt",
			);
			runOnlyForDeploymentPostprocessing = 0;
			shellPath = /bin/sh;
			shellScript = "diff \"${PODS_PODFILE_DIR_PATH}/Podfile.lock\" \"${PODS_ROOT}/Manifest.lock\" > /dev/null\nif [ $? != 0 ] ; then\n    # print error to STDERR\n    echo \"error: The sandbox is not in sync with the Podfile.lock. Run 'pod install' or update your CocoaPods installation.\" >&2\n    exit 1\nfi\n# This output is used by Xcode 'outputs' to avoid re-running this script phase.\necho \"SUCCESS\" > \"${SCRIPT_OUTPUT_FILE_0}\"\n";
			showEnvVarsInLog = 0;
		};
		56ABA4A3447B68DB75B356DF /* [CP] Check Pods Manifest.lock */ = {
			isa = PBXShellScriptBuildPhase;
			buildActionMask = 2147483647;
			files = (
			);
			inputFileListPaths = (
			);
			inputPaths = (
				"${PODS_PODFILE_DIR_PATH}/Podfile.lock",
				"${PODS_ROOT}/Manifest.lock",
			);
			name = "[CP] Check Pods Manifest.lock";
			outputFileListPaths = (
			);
			outputPaths = (
				"$(DERIVED_FILE_DIR)/Pods-WheatherAppIOS-WheatherAppIOSUITests-checkManifestLockResult.txt",
			);
			runOnlyForDeploymentPostprocessing = 0;
			shellPath = /bin/sh;
			shellScript = "diff \"${PODS_PODFILE_DIR_PATH}/Podfile.lock\" \"${PODS_ROOT}/Manifest.lock\" > /dev/null\nif [ $? != 0 ] ; then\n    # print error to STDERR\n    echo \"error: The sandbox is not in sync with the Podfile.lock. Run 'pod install' or update your CocoaPods installation.\" >&2\n    exit 1\nfi\n# This output is used by Xcode 'outputs' to avoid re-running this script phase.\necho \"SUCCESS\" > \"${SCRIPT_OUTPUT_FILE_0}\"\n";
			showEnvVarsInLog = 0;
		};
		797C2779407DDF2F1BE97B04 /* [CP] Embed Pods Frameworks */ = {
			isa = PBXShellScriptBuildPhase;
			buildActionMask = 2147483647;
			files = (
			);
			inputFileListPaths = (
				"${PODS_ROOT}/Target Support Files/Pods-WheatherAppIOS-WheatherAppIOSUITests/Pods-WheatherAppIOS-WheatherAppIOSUITests-frameworks-${CONFIGURATION}-input-files.xcfilelist",
			);
			name = "[CP] Embed Pods Frameworks";
			outputFileListPaths = (
				"${PODS_ROOT}/Target Support Files/Pods-WheatherAppIOS-WheatherAppIOSUITests/Pods-WheatherAppIOS-WheatherAppIOSUITests-frameworks-${CONFIGURATION}-output-files.xcfilelist",
			);
			runOnlyForDeploymentPostprocessing = 0;
			shellPath = /bin/sh;
			shellScript = "\"${PODS_ROOT}/Target Support Files/Pods-WheatherAppIOS-WheatherAppIOSUITests/Pods-WheatherAppIOS-WheatherAppIOSUITests-frameworks.sh\"\n";
			showEnvVarsInLog = 0;
		};
		8FD414229361E9D668161E7E /* [CP] Check Pods Manifest.lock */ = {
			isa = PBXShellScriptBuildPhase;
			buildActionMask = 2147483647;
			files = (
			);
			inputFileListPaths = (
			);
			inputPaths = (
				"${PODS_PODFILE_DIR_PATH}/Podfile.lock",
				"${PODS_ROOT}/Manifest.lock",
			);
			name = "[CP] Check Pods Manifest.lock";
			outputFileListPaths = (
			);
			outputPaths = (
				"$(DERIVED_FILE_DIR)/Pods-WheatherAppIOS-checkManifestLockResult.txt",
			);
			runOnlyForDeploymentPostprocessing = 0;
			shellPath = /bin/sh;
			shellScript = "diff \"${PODS_PODFILE_DIR_PATH}/Podfile.lock\" \"${PODS_ROOT}/Manifest.lock\" > /dev/null\nif [ $? != 0 ] ; then\n    # print error to STDERR\n    echo \"error: The sandbox is not in sync with the Podfile.lock. Run 'pod install' or update your CocoaPods installation.\" >&2\n    exit 1\nfi\n# This output is used by Xcode 'outputs' to avoid re-running this script phase.\necho \"SUCCESS\" > \"${SCRIPT_OUTPUT_FILE_0}\"\n";
			showEnvVarsInLog = 0;
		};
		BEBE83E9D1EAAF612EAB302D /* [CP] Embed Pods Frameworks */ = {
			isa = PBXShellScriptBuildPhase;
			buildActionMask = 2147483647;
			files = (
			);
			inputFileListPaths = (
				"${PODS_ROOT}/Target Support Files/Pods-WheatherAppIOS/Pods-WheatherAppIOS-frameworks-${CONFIGURATION}-input-files.xcfilelist",
			);
			name = "[CP] Embed Pods Frameworks";
			outputFileListPaths = (
				"${PODS_ROOT}/Target Support Files/Pods-WheatherAppIOS/Pods-WheatherAppIOS-frameworks-${CONFIGURATION}-output-files.xcfilelist",
			);
			runOnlyForDeploymentPostprocessing = 0;
			shellPath = /bin/sh;
			shellScript = "\"${PODS_ROOT}/Target Support Files/Pods-WheatherAppIOS/Pods-WheatherAppIOS-frameworks.sh\"\n";
			showEnvVarsInLog = 0;
		};
/* End PBXShellScriptBuildPhase section */

/* Begin PBXSourcesBuildPhase section */
		FF417532270CA48A006FBA27 /* Sources */ = {
			isa = PBXSourcesBuildPhase;
			buildActionMask = 2147483647;
			files = (
				FF6A7471270DF02E0073C25C /* AdministrativeAreaDataBaseModel.swift in Sources */,
				FF6A7457270DE0840073C25C /* ApiClient.swift in Sources */,
				FF6A744E270DDF9A0073C25C /* Constants.swift in Sources */,
				FF6A745D270DE0B40073C25C /* DataBaseRepository.swift in Sources */,
				FF6A7463270DE1B10073C25C /* SplashViewModel.swift in Sources */,
				FF6A7451270DE03B0073C25C /* BaseViewModel.swift in Sources */,
				FF6A746C270DEFBA0073C25C /* SearchDataBaseModel.swift in Sources */,
				FF6A7468270DE2D90073C25C /* CountryResponseModel.swift in Sources */,
				FF41753A270CA48A006FBA27 /* AppDelegate.swift in Sources */,
				FF6A7460270DE1810073C25C /* SplashController.swift in Sources */,
				FF6A746A270DE3520073C25C /* AdministrativeAreaResponseModel.swift in Sources */,
				FF41753C270CA48A006FBA27 /* SceneDelegate.swift in Sources */,
				FF6A7459270DE0900073C25C /* DataBase.swift in Sources */,
				FF6A7466270DE21B0073C25C /* SearchResponseModel.swift in Sources */,
				FF417544270CA48A006FBA27 /* WheatherAppIOS.xcdatamodeld in Sources */,
				FF6A745B270DE0A60073C25C /* ApiRepository.swift in Sources */,
				FF6A746F270DF0060073C25C /* CountryDataBaseModel.swift in Sources */,
			);
			runOnlyForDeploymentPostprocessing = 0;
		};
		FF41754B270CA48F006FBA27 /* Sources */ = {
			isa = PBXSourcesBuildPhase;
			buildActionMask = 2147483647;
			files = (
				FF417554270CA48F006FBA27 /* WheatherAppIOSTests.swift in Sources */,
			);
			runOnlyForDeploymentPostprocessing = 0;
		};
		FF417556270CA48F006FBA27 /* Sources */ = {
			isa = PBXSourcesBuildPhase;
			buildActionMask = 2147483647;
			files = (
				FF41755F270CA48F006FBA27 /* WheatherAppIOSUITests.swift in Sources */,
			);
			runOnlyForDeploymentPostprocessing = 0;
		};
/* End PBXSourcesBuildPhase section */

/* Begin PBXTargetDependency section */
		FF417551270CA48F006FBA27 /* PBXTargetDependency */ = {
			isa = PBXTargetDependency;
			target = FF417535270CA48A006FBA27 /* WheatherAppIOS */;
			targetProxy = FF417550270CA48F006FBA27 /* PBXContainerItemProxy */;
		};
		FF41755C270CA48F006FBA27 /* PBXTargetDependency */ = {
			isa = PBXTargetDependency;
			target = FF417535270CA48A006FBA27 /* WheatherAppIOS */;
			targetProxy = FF41755B270CA48F006FBA27 /* PBXContainerItemProxy */;
		};
/* End PBXTargetDependency section */

/* Begin PBXVariantGroup section */
		FF41753F270CA48A006FBA27 /* Main.storyboard */ = {
			isa = PBXVariantGroup;
			children = (
				FF417540270CA48A006FBA27 /* Base */,
			);
			name = Main.storyboard;
			sourceTree = "<group>";
		};
		FF417547270CA48E006FBA27 /* LaunchScreen.storyboard */ = {
			isa = PBXVariantGroup;
			children = (
				FF417548270CA48E006FBA27 /* Base */,
			);
			name = LaunchScreen.storyboard;
			sourceTree = "<group>";
		};
/* End PBXVariantGroup section */

/* Begin XCBuildConfiguration section */
		FF417561270CA48F006FBA27 /* Debug */ = {
			isa = XCBuildConfiguration;
			buildSettings = {
				ALWAYS_SEARCH_USER_PATHS = NO;
				CLANG_ANALYZER_NONNULL = YES;
				CLANG_ANALYZER_NUMBER_OBJECT_CONVERSION = YES_AGGRESSIVE;
				CLANG_CXX_LANGUAGE_STANDARD = "gnu++14";
				CLANG_CXX_LIBRARY = "libc++";
				CLANG_ENABLE_MODULES = YES;
				CLANG_ENABLE_OBJC_ARC = YES;
				CLANG_ENABLE_OBJC_WEAK = YES;
				CLANG_WARN_BLOCK_CAPTURE_AUTORELEASING = YES;
				CLANG_WARN_BOOL_CONVERSION = YES;
				CLANG_WARN_COMMA = YES;
				CLANG_WARN_CONSTANT_CONVERSION = YES;
				CLANG_WARN_DEPRECATED_OBJC_IMPLEMENTATIONS = YES;
				CLANG_WARN_DIRECT_OBJC_ISA_USAGE = YES_ERROR;
				CLANG_WARN_DOCUMENTATION_COMMENTS = YES;
				CLANG_WARN_EMPTY_BODY = YES;
				CLANG_WARN_ENUM_CONVERSION = YES;
				CLANG_WARN_INFINITE_RECURSION = YES;
				CLANG_WARN_INT_CONVERSION = YES;
				CLANG_WARN_NON_LITERAL_NULL_CONVERSION = YES;
				CLANG_WARN_OBJC_IMPLICIT_RETAIN_SELF = YES;
				CLANG_WARN_OBJC_LITERAL_CONVERSION = YES;
				CLANG_WARN_OBJC_ROOT_CLASS = YES_ERROR;
				CLANG_WARN_QUOTED_INCLUDE_IN_FRAMEWORK_HEADER = YES;
				CLANG_WARN_RANGE_LOOP_ANALYSIS = YES;
				CLANG_WARN_STRICT_PROTOTYPES = YES;
				CLANG_WARN_SUSPICIOUS_MOVE = YES;
				CLANG_WARN_UNGUARDED_AVAILABILITY = YES_AGGRESSIVE;
				CLANG_WARN_UNREACHABLE_CODE = YES;
				CLANG_WARN__DUPLICATE_METHOD_MATCH = YES;
				COPY_PHASE_STRIP = NO;
				DEBUG_INFORMATION_FORMAT = dwarf;
				ENABLE_STRICT_OBJC_MSGSEND = YES;
				ENABLE_TESTABILITY = YES;
				GCC_C_LANGUAGE_STANDARD = gnu11;
				GCC_DYNAMIC_NO_PIC = NO;
				GCC_NO_COMMON_BLOCKS = YES;
				GCC_OPTIMIZATION_LEVEL = 0;
				GCC_PREPROCESSOR_DEFINITIONS = (
					"DEBUG=1",
					"$(inherited)",
				);
				GCC_WARN_64_TO_32_BIT_CONVERSION = YES;
				GCC_WARN_ABOUT_RETURN_TYPE = YES_ERROR;
				GCC_WARN_UNDECLARED_SELECTOR = YES;
				GCC_WARN_UNINITIALIZED_AUTOS = YES_AGGRESSIVE;
				GCC_WARN_UNUSED_FUNCTION = YES;
				GCC_WARN_UNUSED_VARIABLE = YES;
				IPHONEOS_DEPLOYMENT_TARGET = 14.5;
				MTL_ENABLE_DEBUG_INFO = INCLUDE_SOURCE;
				MTL_FAST_MATH = YES;
				ONLY_ACTIVE_ARCH = YES;
				SDKROOT = iphoneos;
				SWIFT_ACTIVE_COMPILATION_CONDITIONS = DEBUG;
				SWIFT_OPTIMIZATION_LEVEL = "-Onone";
			};
			name = Debug;
		};
		FF417562270CA48F006FBA27 /* Release */ = {
			isa = XCBuildConfiguration;
			buildSettings = {
				ALWAYS_SEARCH_USER_PATHS = NO;
				CLANG_ANALYZER_NONNULL = YES;
				CLANG_ANALYZER_NUMBER_OBJECT_CONVERSION = YES_AGGRESSIVE;
				CLANG_CXX_LANGUAGE_STANDARD = "gnu++14";
				CLANG_CXX_LIBRARY = "libc++";
				CLANG_ENABLE_MODULES = YES;
				CLANG_ENABLE_OBJC_ARC = YES;
				CLANG_ENABLE_OBJC_WEAK = YES;
				CLANG_WARN_BLOCK_CAPTURE_AUTORELEASING = YES;
				CLANG_WARN_BOOL_CONVERSION = YES;
				CLANG_WARN_COMMA = YES;
				CLANG_WARN_CONSTANT_CONVERSION = YES;
				CLANG_WARN_DEPRECATED_OBJC_IMPLEMENTATIONS = YES;
				CLANG_WARN_DIRECT_OBJC_ISA_USAGE = YES_ERROR;
				CLANG_WARN_DOCUMENTATION_COMMENTS = YES;
				CLANG_WARN_EMPTY_BODY = YES;
				CLANG_WARN_ENUM_CONVERSION = YES;
				CLANG_WARN_INFINITE_RECURSION = YES;
				CLANG_WARN_INT_CONVERSION = YES;
				CLANG_WARN_NON_LITERAL_NULL_CONVERSION = YES;
				CLANG_WARN_OBJC_IMPLICIT_RETAIN_SELF = YES;
				CLANG_WARN_OBJC_LITERAL_CONVERSION = YES;
				CLANG_WARN_OBJC_ROOT_CLASS = YES_ERROR;
				CLANG_WARN_QUOTED_INCLUDE_IN_FRAMEWORK_HEADER = YES;
				CLANG_WARN_RANGE_LOOP_ANALYSIS = YES;
				CLANG_WARN_STRICT_PROTOTYPES = YES;
				CLANG_WARN_SUSPICIOUS_MOVE = YES;
				CLANG_WARN_UNGUARDED_AVAILABILITY = YES_AGGRESSIVE;
				CLANG_WARN_UNREACHABLE_CODE = YES;
				CLANG_WARN__DUPLICATE_METHOD_MATCH = YES;
				COPY_PHASE_STRIP = NO;
				DEBUG_INFORMATION_FORMAT = "dwarf-with-dsym";
				ENABLE_NS_ASSERTIONS = NO;
				ENABLE_STRICT_OBJC_MSGSEND = YES;
				GCC_C_LANGUAGE_STANDARD = gnu11;
				GCC_NO_COMMON_BLOCKS = YES;
				GCC_WARN_64_TO_32_BIT_CONVERSION = YES;
				GCC_WARN_ABOUT_RETURN_TYPE = YES_ERROR;
				GCC_WARN_UNDECLARED_SELECTOR = YES;
				GCC_WARN_UNINITIALIZED_AUTOS = YES_AGGRESSIVE;
				GCC_WARN_UNUSED_FUNCTION = YES;
				GCC_WARN_UNUSED_VARIABLE = YES;
				IPHONEOS_DEPLOYMENT_TARGET = 14.5;
				MTL_ENABLE_DEBUG_INFO = NO;
				MTL_FAST_MATH = YES;
				SDKROOT = iphoneos;
				SWIFT_COMPILATION_MODE = wholemodule;
				SWIFT_OPTIMIZATION_LEVEL = "-O";
				VALIDATE_PRODUCT = YES;
			};
			name = Release;
		};
		FF417564270CA48F006FBA27 /* Debug */ = {
			isa = XCBuildConfiguration;
			baseConfigurationReference = 96F5986AA3B61CF627AF8E61 /* Pods-WheatherAppIOS.debug.xcconfig */;
			buildSettings = {
				ASSETCATALOG_COMPILER_APPICON_NAME = AppIcon;
				ASSETCATALOG_COMPILER_GLOBAL_ACCENT_COLOR_NAME = AccentColor;
				CODE_SIGN_STYLE = Automatic;
				DEVELOPMENT_TEAM = HT46X4SNBR;
				INFOPLIST_FILE = WheatherAppIOS/Info.plist;
				LD_RUNPATH_SEARCH_PATHS = (
					"$(inherited)",
					"@executable_path/Frameworks",
				);
				PRODUCT_BUNDLE_IDENTIFIER = com.RustamKeneev.WheatherAppIOS;
				PRODUCT_NAME = "$(TARGET_NAME)";
				SWIFT_VERSION = 5.0;
				TARGETED_DEVICE_FAMILY = "1,2";
			};
			name = Debug;
		};
		FF417565270CA48F006FBA27 /* Release */ = {
			isa = XCBuildConfiguration;
			baseConfigurationReference = 5A558C128C67C68F6BF5F513 /* Pods-WheatherAppIOS.release.xcconfig */;
			buildSettings = {
				ASSETCATALOG_COMPILER_APPICON_NAME = AppIcon;
				ASSETCATALOG_COMPILER_GLOBAL_ACCENT_COLOR_NAME = AccentColor;
				CODE_SIGN_STYLE = Automatic;
				DEVELOPMENT_TEAM = HT46X4SNBR;
				INFOPLIST_FILE = WheatherAppIOS/Info.plist;
				LD_RUNPATH_SEARCH_PATHS = (
					"$(inherited)",
					"@executable_path/Frameworks",
				);
				PRODUCT_BUNDLE_IDENTIFIER = com.RustamKeneev.WheatherAppIOS;
				PRODUCT_NAME = "$(TARGET_NAME)";
				SWIFT_VERSION = 5.0;
				TARGETED_DEVICE_FAMILY = "1,2";
			};
			name = Release;
		};
		FF417567270CA48F006FBA27 /* Debug */ = {
			isa = XCBuildConfiguration;
			baseConfigurationReference = 6804B58208C7932EF64AB76E /* Pods-WheatherAppIOSTests.debug.xcconfig */;
			buildSettings = {
				ALWAYS_EMBED_SWIFT_STANDARD_LIBRARIES = YES;
				BUNDLE_LOADER = "$(TEST_HOST)";
				CODE_SIGN_STYLE = Automatic;
				DEVELOPMENT_TEAM = HT46X4SNBR;
				INFOPLIST_FILE = WheatherAppIOSTests/Info.plist;
				IPHONEOS_DEPLOYMENT_TARGET = 14.5;
				LD_RUNPATH_SEARCH_PATHS = (
					"$(inherited)",
					"@executable_path/Frameworks",
					"@loader_path/Frameworks",
				);
				PRODUCT_BUNDLE_IDENTIFIER = com.RustamKeneev.WheatherAppIOSTests;
				PRODUCT_NAME = "$(TARGET_NAME)";
				SWIFT_VERSION = 5.0;
				TARGETED_DEVICE_FAMILY = "1,2";
				TEST_HOST = "$(BUILT_PRODUCTS_DIR)/WheatherAppIOS.app/WheatherAppIOS";
			};
			name = Debug;
		};
		FF417568270CA48F006FBA27 /* Release */ = {
			isa = XCBuildConfiguration;
			baseConfigurationReference = 83E428DD656CC25E3AE66755 /* Pods-WheatherAppIOSTests.release.xcconfig */;
			buildSettings = {
				ALWAYS_EMBED_SWIFT_STANDARD_LIBRARIES = YES;
				BUNDLE_LOADER = "$(TEST_HOST)";
				CODE_SIGN_STYLE = Automatic;
				DEVELOPMENT_TEAM = HT46X4SNBR;
				INFOPLIST_FILE = WheatherAppIOSTests/Info.plist;
				IPHONEOS_DEPLOYMENT_TARGET = 14.5;
				LD_RUNPATH_SEARCH_PATHS = (
					"$(inherited)",
					"@executable_path/Frameworks",
					"@loader_path/Frameworks",
				);
				PRODUCT_BUNDLE_IDENTIFIER = com.RustamKeneev.WheatherAppIOSTests;
				PRODUCT_NAME = "$(TARGET_NAME)";
				SWIFT_VERSION = 5.0;
				TARGETED_DEVICE_FAMILY = "1,2";
				TEST_HOST = "$(BUILT_PRODUCTS_DIR)/WheatherAppIOS.app/WheatherAppIOS";
			};
			name = Release;
		};
		FF41756A270CA48F006FBA27 /* Debug */ = {
			isa = XCBuildConfiguration;
			baseConfigurationReference = 760D196908E698438A2CC773 /* Pods-WheatherAppIOS-WheatherAppIOSUITests.debug.xcconfig */;
			buildSettings = {
				ALWAYS_EMBED_SWIFT_STANDARD_LIBRARIES = YES;
				CODE_SIGN_STYLE = Automatic;
				DEVELOPMENT_TEAM = HT46X4SNBR;
				INFOPLIST_FILE = WheatherAppIOSUITests/Info.plist;
				LD_RUNPATH_SEARCH_PATHS = (
					"$(inherited)",
					"@executable_path/Frameworks",
					"@loader_path/Frameworks",
				);
				PRODUCT_BUNDLE_IDENTIFIER = com.RustamKeneev.WheatherAppIOSUITests;
				PRODUCT_NAME = "$(TARGET_NAME)";
				SWIFT_VERSION = 5.0;
				TARGETED_DEVICE_FAMILY = "1,2";
				TEST_TARGET_NAME = WheatherAppIOS;
			};
			name = Debug;
		};
		FF41756B270CA48F006FBA27 /* Release */ = {
			isa = XCBuildConfiguration;
			baseConfigurationReference = 5991CED2BC9FCCB1B2C64774 /* Pods-WheatherAppIOS-WheatherAppIOSUITests.release.xcconfig */;
			buildSettings = {
				ALWAYS_EMBED_SWIFT_STANDARD_LIBRARIES = YES;
				CODE_SIGN_STYLE = Automatic;
				DEVELOPMENT_TEAM = HT46X4SNBR;
				INFOPLIST_FILE = WheatherAppIOSUITests/Info.plist;
				LD_RUNPATH_SEARCH_PATHS = (
					"$(inherited)",
					"@executable_path/Frameworks",
					"@loader_path/Frameworks",
				);
				PRODUCT_BUNDLE_IDENTIFIER = com.RustamKeneev.WheatherAppIOSUITests;
				PRODUCT_NAME = "$(TARGET_NAME)";
				SWIFT_VERSION = 5.0;
				TARGETED_DEVICE_FAMILY = "1,2";
				TEST_TARGET_NAME = WheatherAppIOS;
			};
			name = Release;
		};
/* End XCBuildConfiguration section */

/* Begin XCConfigurationList section */
		FF417531270CA48A006FBA27 /* Build configuration list for PBXProject "WheatherAppIOS" */ = {
			isa = XCConfigurationList;
			buildConfigurations = (
				FF417561270CA48F006FBA27 /* Debug */,
				FF417562270CA48F006FBA27 /* Release */,
			);
			defaultConfigurationIsVisible = 0;
			defaultConfigurationName = Release;
		};
		FF417563270CA48F006FBA27 /* Build configuration list for PBXNativeTarget "WheatherAppIOS" */ = {
			isa = XCConfigurationList;
			buildConfigurations = (
				FF417564270CA48F006FBA27 /* Debug */,
				FF417565270CA48F006FBA27 /* Release */,
			);
			defaultConfigurationIsVisible = 0;
			defaultConfigurationName = Release;
		};
		FF417566270CA48F006FBA27 /* Build configuration list for PBXNativeTarget "WheatherAppIOSTests" */ = {
			isa = XCConfigurationList;
			buildConfigurations = (
				FF417567270CA48F006FBA27 /* Debug */,
				FF417568270CA48F006FBA27 /* Release */,
			);
			defaultConfigurationIsVisible = 0;
			defaultConfigurationName = Release;
		};
		FF417569270CA48F006FBA27 /* Build configuration list for PBXNativeTarget "WheatherAppIOSUITests" */ = {
			isa = XCConfigurationList;
			buildConfigurations = (
				FF41756A270CA48F006FBA27 /* Debug */,
				FF41756B270CA48F006FBA27 /* Release */,
			);
			defaultConfigurationIsVisible = 0;
			defaultConfigurationName = Release;
		};
/* End XCConfigurationList section */

/* Begin XCVersionGroup section */
		FF417542270CA48A006FBA27 /* WheatherAppIOS.xcdatamodeld */ = {
			isa = XCVersionGroup;
			children = (
				FF417543270CA48A006FBA27 /* WheatherAppIOS.xcdatamodel */,
			);
			currentVersion = FF417543270CA48A006FBA27 /* WheatherAppIOS.xcdatamodel */;
			path = WheatherAppIOS.xcdatamodeld;
			sourceTree = "<group>";
			versionGroupType = wrapper.xcdatamodel;
		};
/* End XCVersionGroup section */
	};
	rootObject = FF41752E270CA48A006FBA27 /* Project object */;
}
